
Microsoft Visual Studio Solution File, Format Version 12.00
# Visual Studio Version 17
VisualStudioVersion = 17.0.31903.59
MinimumVisualStudioVersion = 10.0.40219.1
Project("{FAE04EC0-301F-11D3-BF4B-00C04F79EFBC}") = "SchoolAPI", "SchoolAPI.csproj", "{7CBC1886-0004-49DF-A156-CB2E1A01C996}"
EndProject
Project("{FAE04EC0-301F-11D3-BF4B-00C04F79EFBC}") = "SchoolAPI.Business", "..\SchoolAPI.Business\SchoolAPI.Business.csproj", "{FDF475E5-5C35-4AB6-A94E-C222D592B6B8}"
EndProject
Project("{FAE04EC0-301F-11D3-BF4B-00C04F79EFBC}") = "School API xUnitTest", "..\School API xUnitTest\School API xUnitTest.csproj", "{79EAB681-B45E-442E-BBE8-435D25874969}"
EndProject
Global
	GlobalSection(SolutionConfigurationPlatforms) = preSolution
		Debug|Any CPU = Debug|Any CPU
		Release|Any CPU = Release|Any CPU
	EndGlobalSection
	GlobalSection(SolutionProperties) = preSolution
		HideSolutionNode = FALSE
	EndGlobalSection
	GlobalSection(ProjectConfigurationPlatforms) = postSolution
		{7CBC1886-0004-49DF-A156-CB2E1A01C996}.Debug|Any CPU.ActiveCfg = Debug|Any CPU
		{7CBC1886-0004-49DF-A156-CB2E1A01C996}.Debug|Any CPU.Build.0 = Debug|Any CPU
		{7CBC1886-0004-49DF-A156-CB2E1A01C996}.Release|Any CPU.ActiveCfg = Release|Any CPU
		{7CBC1886-0004-49DF-A156-CB2E1A01C996}.Release|Any CPU.Build.0 = Release|Any CPU
		{FDF475E5-5C35-4AB6-A94E-C222D592B6B8}.Debug|Any CPU.ActiveCfg = Debug|Any CPU
		{FDF475E5-5C35-4AB6-A94E-C222D592B6B8}.Debug|Any CPU.Build.0 = Debug|Any CPU
		{FDF475E5-5C35-4AB6-A94E-C222D592B6B8}.Release|Any CPU.ActiveCfg = Release|Any CPU
		{FDF475E5-5C35-4AB6-A94E-C222D592B6B8}.Release|Any CPU.Build.0 = Release|Any CPU
		{79EAB681-B45E-442E-BBE8-435D25874969}.Debug|Any CPU.ActiveCfg = Debug|Any CPU
		{79EAB681-B45E-442E-BBE8-435D25874969}.Debug|Any CPU.Build.0 = Debug|Any CPU
		{79EAB681-B45E-442E-BBE8-435D25874969}.Release|Any CPU.ActiveCfg = Release|Any CPU
		{79EAB681-B45E-442E-BBE8-435D25874969}.Release|Any CPU.Build.0 = Release|Any CPU
	EndGlobalSection
EndGlobal
