
Microsoft Visual Studio Solution File, Format Version 12.00
# Visual Studio Version 17
VisualStudioVersion = 17.5.002.0
MinimumVisualStudioVersion = 10.0.40219.1
Project("{9A19103F-16F7-4668-BE54-9A1E7A4F7556}") = "School API xUnitTest", "School API xUnitTest.csproj", "{C18F6DE3-14A2-4A55-A84A-0FE07F818D98}"
EndProject
Global
	GlobalSection(SolutionConfigurationPlatforms) = preSolution
		Debug|Any CPU = Debug|Any CPU
		Release|Any CPU = Release|Any CPU
	EndGlobalSection
	GlobalSection(ProjectConfigurationPlatforms) = postSolution
		{C18F6DE3-14A2-4A55-A84A-0FE07F818D98}.Debug|Any CPU.ActiveCfg = Debug|Any CPU
		{C18F6DE3-14A2-4A55-A84A-0FE07F818D98}.Debug|Any CPU.Build.0 = Debug|Any CPU
		{C18F6DE3-14A2-4A55-A84A-0FE07F818D98}.Release|Any CPU.ActiveCfg = Release|Any CPU
		{C18F6DE3-14A2-4A55-A84A-0FE07F818D98}.Release|Any CPU.Build.0 = Release|Any CPU
	EndGlobalSection
	GlobalSection(SolutionProperties) = preSolution
		HideSolutionNode = FALSE
	EndGlobalSection
	GlobalSection(ExtensibilityGlobals) = postSolution
		SolutionGuid = {32FD64F4-3D0D-4BCD-A02D-E7B6AE8D8C1D}
	EndGlobalSection
EndGlobal
